
Microsoft Visual Studio Solution File, Format Version 12.00
# Visual Studio Version 16
VisualStudioVersion = 16.0.29728.190
MinimumVisualStudioVersion = 10.0.40219.1
Project("{FAE04EC0-301F-11D3-BF4B-00C04F79EFBC}") = "MonoRenderingWorkshop", "MonoRenderingWorkshop\MonoRenderingWorkshop.csproj", "{C030BB3B-2A20-4AAC-900E-BD540036EB13}"
EndProject
Project("{2150E333-8FDC-42A3-9474-1A3956D46DE8}") = "Solution Items", "Solution Items", "{867E3849-1268-4410-8405-E84EDF4A5428}"
	ProjectSection(SolutionItems) = preProject
		.editorconfig = .editorconfig
	EndProjectSection
EndProject
Global
	GlobalSection(SolutionConfigurationPlatforms) = preSolution
		Debug|x86 = Debug|x86
		Release|x86 = Release|x86
	EndGlobalSection
	GlobalSection(ProjectConfigurationPlatforms) = postSolution
		{C030BB3B-2A20-4AAC-900E-BD540036EB13}.Debug|x86.ActiveCfg = Debug|x86
		{C030BB3B-2A20-4AAC-900E-BD540036EB13}.Debug|x86.Build.0 = Debug|x86
		{C030BB3B-2A20-4AAC-900E-BD540036EB13}.Release|x86.ActiveCfg = Release|x86
		{C030BB3B-2A20-4AAC-900E-BD540036EB13}.Release|x86.Build.0 = Release|x86
	EndGlobalSection
	GlobalSection(SolutionProperties) = preSolution
		HideSolutionNode = FALSE
	EndGlobalSection
	GlobalSection(ExtensibilityGlobals) = postSolution
		SolutionGuid = {90095EF8-7322-4829-BFAA-35536FED4193}
	EndGlobalSection
EndGlobal
